{
  "name": "@womhla6s/ui-modules-rlswitch",
  "version": "1.0.0",
  "lockfileVersion": 3,
  "requires": true,
  "packages": {
    "": {
      "name": "@womhla6s/ui-modules-rlswitch",
      "version": "1.0.0",
      "license": "ISC",
      "dependencies": {
        "ui-modules-cli": "^1.0.1"
      }
    },
    "node_modules/ui-modules-cli": {
      "version": "1.0.1",
      "resolved": "https://registry.npmjs.org/ui-modules-cli/-/ui-modules-cli-1.0.1.tgz",
      "integrity": "sha512-XSI2lGpnLf8ghCJMr5AUbeHXaSyJiXRdUsGnaUbFYzmbsZ0lsjHjMlXfRs5pqBJnfgJt6zk/4q937lwLTpdI0g=="
    }
  }
}
